
Microsoft Visual Studio Solution File, Format Version 12.00
# Visual Studio Version 17
VisualStudioVersion = 17.4.33213.308
MinimumVisualStudioVersion = 10.0.40219.1
Project("{FAE04EC0-301F-11D3-BF4B-00C04F79EFBC}") = "UML_Module 3", "UML_Module 3\UML_Module 3.csproj", "{C959F0E0-5689-45CA-B661-0D57C6B8BBC0}"
EndProject
Global
	GlobalSection(SolutionConfigurationPlatforms) = preSolution
		Debug|Any CPU = Debug|Any CPU
		Release|Any CPU = Release|Any CPU
	EndGlobalSection
	GlobalSection(ProjectConfigurationPlatforms) = postSolution
		{C959F0E0-5689-45CA-B661-0D57C6B8BBC0}.Debug|Any CPU.ActiveCfg = Debug|Any CPU
		{C959F0E0-5689-45CA-B661-0D57C6B8BBC0}.Debug|Any CPU.Build.0 = Debug|Any CPU
		{C959F0E0-5689-45CA-B661-0D57C6B8BBC0}.Release|Any CPU.ActiveCfg = Release|Any CPU
		{C959F0E0-5689-45CA-B661-0D57C6B8BBC0}.Release|Any CPU.Build.0 = Release|Any CPU
	EndGlobalSection
	GlobalSection(SolutionProperties) = preSolution
		HideSolutionNode = FALSE
	EndGlobalSection
	GlobalSection(ExtensibilityGlobals) = postSolution
		SolutionGuid = {01453CD2-0CCF-4180-8BA2-D25F95905B55}
	EndGlobalSection
EndGlobal
